
Microsoft Visual Studio Solution File, Format Version 12.00
# Visual Studio Version 16
VisualStudioVersion = 16.0.30413.136
MinimumVisualStudioVersion = 10.0.40219.1
Project("{9A19103F-16F7-4668-BE54-9A1E7A4F7556}") = "Task1", "..\Task1\Task1.csproj", "{8D655914-8A33-4D66-853E-9F67A6C82C64}"
EndProject
Project("{9A19103F-16F7-4668-BE54-9A1E7A4F7556}") = "Task2", "..\Task2\Task2.csproj", "{E894CA1C-0D1F-4080-B1FA-1E2D83189A18}"
EndProject
Project("{9A19103F-16F7-4668-BE54-9A1E7A4F7556}") = "MyLibrary", "..\..\Task11\MyMath\MyLibrary.csproj", "{BD87B301-8453-4E55-BBEA-9D0D27095642}"
EndProject
Global
	GlobalSection(SolutionConfigurationPlatforms) = preSolution
		Debug|Any CPU = Debug|Any CPU
		Debug|ARM = Debug|ARM
		Debug|ARM64 = Debug|ARM64
		Debug|x64 = Debug|x64
		Debug|x86 = Debug|x86
		Release|Any CPU = Release|Any CPU
		Release|ARM = Release|ARM
		Release|ARM64 = Release|ARM64
		Release|x64 = Release|x64
		Release|x86 = Release|x86
	EndGlobalSection
	GlobalSection(ProjectConfigurationPlatforms) = postSolution
		{8D655914-8A33-4D66-853E-9F67A6C82C64}.Debug|Any CPU.ActiveCfg = Debug|Any CPU
		{8D655914-8A33-4D66-853E-9F67A6C82C64}.Debug|Any CPU.Build.0 = Debug|Any CPU
		{8D655914-8A33-4D66-853E-9F67A6C82C64}.Debug|ARM.ActiveCfg = Debug|Any CPU
		{8D655914-8A33-4D66-853E-9F67A6C82C64}.Debug|ARM.Build.0 = Debug|Any CPU
		{8D655914-8A33-4D66-853E-9F67A6C82C64}.Debug|ARM64.ActiveCfg = Debug|Any CPU
		{8D655914-8A33-4D66-853E-9F67A6C82C64}.Debug|ARM64.Build.0 = Debug|Any CPU
		{8D655914-8A33-4D66-853E-9F67A6C82C64}.Debug|x64.ActiveCfg = Debug|Any CPU
		{8D655914-8A33-4D66-853E-9F67A6C82C64}.Debug|x64.Build.0 = Debug|Any CPU
		{8D655914-8A33-4D66-853E-9F67A6C82C64}.Debug|x86.ActiveCfg = Debug|Any CPU
		{8D655914-8A33-4D66-853E-9F67A6C82C64}.Debug|x86.Build.0 = Debug|Any CPU
		{8D655914-8A33-4D66-853E-9F67A6C82C64}.Release|Any CPU.ActiveCfg = Release|Any CPU
		{8D655914-8A33-4D66-853E-9F67A6C82C64}.Release|Any CPU.Build.0 = Release|Any CPU
		{8D655914-8A33-4D66-853E-9F67A6C82C64}.Release|ARM.ActiveCfg = Release|Any CPU
		{8D655914-8A33-4D66-853E-9F67A6C82C64}.Release|ARM.Build.0 = Release|Any CPU
		{8D655914-8A33-4D66-853E-9F67A6C82C64}.Release|ARM64.ActiveCfg = Release|Any CPU
		{8D655914-8A33-4D66-853E-9F67A6C82C64}.Release|ARM64.Build.0 = Release|Any CPU
		{8D655914-8A33-4D66-853E-9F67A6C82C64}.Release|x64.ActiveCfg = Release|Any CPU
		{8D655914-8A33-4D66-853E-9F67A6C82C64}.Release|x64.Build.0 = Release|Any CPU
		{8D655914-8A33-4D66-853E-9F67A6C82C64}.Release|x86.ActiveCfg = Release|Any CPU
		{8D655914-8A33-4D66-853E-9F67A6C82C64}.Release|x86.Build.0 = Release|Any CPU
		{E894CA1C-0D1F-4080-B1FA-1E2D83189A18}.Debug|Any CPU.ActiveCfg = Debug|Any CPU
		{E894CA1C-0D1F-4080-B1FA-1E2D83189A18}.Debug|Any CPU.Build.0 = Debug|Any CPU
		{E894CA1C-0D1F-4080-B1FA-1E2D83189A18}.Debug|ARM.ActiveCfg = Debug|Any CPU
		{E894CA1C-0D1F-4080-B1FA-1E2D83189A18}.Debug|ARM.Build.0 = Debug|Any CPU
		{E894CA1C-0D1F-4080-B1FA-1E2D83189A18}.Debug|ARM64.ActiveCfg = Debug|Any CPU
		{E894CA1C-0D1F-4080-B1FA-1E2D83189A18}.Debug|ARM64.Build.0 = Debug|Any CPU
		{E894CA1C-0D1F-4080-B1FA-1E2D83189A18}.Debug|x64.ActiveCfg = Debug|Any CPU
		{E894CA1C-0D1F-4080-B1FA-1E2D83189A18}.Debug|x64.Build.0 = Debug|Any CPU
		{E894CA1C-0D1F-4080-B1FA-1E2D83189A18}.Debug|x86.ActiveCfg = Debug|Any CPU
		{E894CA1C-0D1F-4080-B1FA-1E2D83189A18}.Debug|x86.Build.0 = Debug|Any CPU
		{E894CA1C-0D1F-4080-B1FA-1E2D83189A18}.Release|Any CPU.ActiveCfg = Release|Any CPU
		{E894CA1C-0D1F-4080-B1FA-1E2D83189A18}.Release|Any CPU.Build.0 = Release|Any CPU
		{E894CA1C-0D1F-4080-B1FA-1E2D83189A18}.Release|ARM.ActiveCfg = Release|Any CPU
		{E894CA1C-0D1F-4080-B1FA-1E2D83189A18}.Release|ARM.Build.0 = Release|Any CPU
		{E894CA1C-0D1F-4080-B1FA-1E2D83189A18}.Release|ARM64.ActiveCfg = Release|Any CPU
		{E894CA1C-0D1F-4080-B1FA-1E2D83189A18}.Release|ARM64.Build.0 = Release|Any CPU
		{E894CA1C-0D1F-4080-B1FA-1E2D83189A18}.Release|x64.ActiveCfg = Release|Any CPU
		{E894CA1C-0D1F-4080-B1FA-1E2D83189A18}.Release|x64.Build.0 = Release|Any CPU
		{E894CA1C-0D1F-4080-B1FA-1E2D83189A18}.Release|x86.ActiveCfg = Release|Any CPU
		{E894CA1C-0D1F-4080-B1FA-1E2D83189A18}.Release|x86.Build.0 = Release|Any CPU
		{BD87B301-8453-4E55-BBEA-9D0D27095642}.Debug|Any CPU.ActiveCfg = Debug|Any CPU
		{BD87B301-8453-4E55-BBEA-9D0D27095642}.Debug|Any CPU.Build.0 = Debug|Any CPU
		{BD87B301-8453-4E55-BBEA-9D0D27095642}.Debug|ARM.ActiveCfg = Debug|Any CPU
		{BD87B301-8453-4E55-BBEA-9D0D27095642}.Debug|ARM.Build.0 = Debug|Any CPU
		{BD87B301-8453-4E55-BBEA-9D0D27095642}.Debug|ARM64.ActiveCfg = Debug|Any CPU
		{BD87B301-8453-4E55-BBEA-9D0D27095642}.Debug|ARM64.Build.0 = Debug|Any CPU
		{BD87B301-8453-4E55-BBEA-9D0D27095642}.Debug|x64.ActiveCfg = Debug|Any CPU
		{BD87B301-8453-4E55-BBEA-9D0D27095642}.Debug|x64.Build.0 = Debug|Any CPU
		{BD87B301-8453-4E55-BBEA-9D0D27095642}.Debug|x86.ActiveCfg = Debug|Any CPU
		{BD87B301-8453-4E55-BBEA-9D0D27095642}.Debug|x86.Build.0 = Debug|Any CPU
		{BD87B301-8453-4E55-BBEA-9D0D27095642}.Release|Any CPU.ActiveCfg = Release|Any CPU
		{BD87B301-8453-4E55-BBEA-9D0D27095642}.Release|Any CPU.Build.0 = Release|Any CPU
		{BD87B301-8453-4E55-BBEA-9D0D27095642}.Release|ARM.ActiveCfg = Release|Any CPU
		{BD87B301-8453-4E55-BBEA-9D0D27095642}.Release|ARM.Build.0 = Release|Any CPU
		{BD87B301-8453-4E55-BBEA-9D0D27095642}.Release|ARM64.ActiveCfg = Release|Any CPU
		{BD87B301-8453-4E55-BBEA-9D0D27095642}.Release|ARM64.Build.0 = Release|Any CPU
		{BD87B301-8453-4E55-BBEA-9D0D27095642}.Release|x64.ActiveCfg = Release|Any CPU
		{BD87B301-8453-4E55-BBEA-9D0D27095642}.Release|x64.Build.0 = Release|Any CPU
		{BD87B301-8453-4E55-BBEA-9D0D27095642}.Release|x86.ActiveCfg = Release|Any CPU
		{BD87B301-8453-4E55-BBEA-9D0D27095642}.Release|x86.Build.0 = Release|Any CPU
	EndGlobalSection
	GlobalSection(SolutionProperties) = preSolution
		HideSolutionNode = FALSE
	EndGlobalSection
	GlobalSection(ExtensibilityGlobals) = postSolution
		SolutionGuid = {1782F085-163F-45C8-AE5D-9853FBA7617F}
	EndGlobalSection
EndGlobal
