
Microsoft Visual Studio Solution File, Format Version 12.00
# Visual Studio Version 16
VisualStudioVersion = 16.0.30413.136
MinimumVisualStudioVersion = 10.0.40219.1
Project("{9A19103F-16F7-4668-BE54-9A1E7A4F7556}") = "Shinkarev_Dmitriy_Task19", "Shinkarev_Dmitriy_Task19.csproj", "{80E524A4-C327-4D17-AE84-C4FF26F51ABB}"
EndProject
Global
	GlobalSection(SolutionConfigurationPlatforms) = preSolution
		Debug|Any CPU = Debug|Any CPU
		Release|Any CPU = Release|Any CPU
	EndGlobalSection
	GlobalSection(ProjectConfigurationPlatforms) = postSolution
		{80E524A4-C327-4D17-AE84-C4FF26F51ABB}.Debug|Any CPU.ActiveCfg = Debug|Any CPU
		{80E524A4-C327-4D17-AE84-C4FF26F51ABB}.Debug|Any CPU.Build.0 = Debug|Any CPU
		{80E524A4-C327-4D17-AE84-C4FF26F51ABB}.Release|Any CPU.ActiveCfg = Release|Any CPU
		{80E524A4-C327-4D17-AE84-C4FF26F51ABB}.Release|Any CPU.Build.0 = Release|Any CPU
	EndGlobalSection
	GlobalSection(SolutionProperties) = preSolution
		HideSolutionNode = FALSE
	EndGlobalSection
	GlobalSection(ExtensibilityGlobals) = postSolution
		SolutionGuid = {3DE8A641-8F9B-45FC-8435-968F7B5118E6}
	EndGlobalSection
EndGlobal
