
Microsoft Visual Studio Solution File, Format Version 12.00
# Visual Studio Version 16
VisualStudioVersion = 16.0.30413.136
MinimumVisualStudioVersion = 10.0.40219.1
Project("{FAE04EC0-301F-11D3-BF4B-00C04F79EFBC}") = "Shinkarev_Dmitriy_Task9", "Shinkarev_Dmitriy_Task9.csproj", "{1B530EEB-5DD1-469C-A77D-807E0475704E}"
EndProject
Global
	GlobalSection(SolutionConfigurationPlatforms) = preSolution
		Debug|Any CPU = Debug|Any CPU
		Release|Any CPU = Release|Any CPU
	EndGlobalSection
	GlobalSection(ProjectConfigurationPlatforms) = postSolution
		{1B530EEB-5DD1-469C-A77D-807E0475704E}.Debug|Any CPU.ActiveCfg = Debug|Any CPU
		{1B530EEB-5DD1-469C-A77D-807E0475704E}.Debug|Any CPU.Build.0 = Debug|Any CPU
		{1B530EEB-5DD1-469C-A77D-807E0475704E}.Release|Any CPU.ActiveCfg = Release|Any CPU
		{1B530EEB-5DD1-469C-A77D-807E0475704E}.Release|Any CPU.Build.0 = Release|Any CPU
	EndGlobalSection
	GlobalSection(SolutionProperties) = preSolution
		HideSolutionNode = FALSE
	EndGlobalSection
	GlobalSection(ExtensibilityGlobals) = postSolution
		SolutionGuid = {DA42CA87-2C8F-4907-95D0-4C3E621BF34D}
	EndGlobalSection
EndGlobal
