
Microsoft Visual Studio Solution File, Format Version 12.00
# Visual Studio Version 16
VisualStudioVersion = 16.0.30413.136
MinimumVisualStudioVersion = 10.0.40219.1
Project("{9A19103F-16F7-4668-BE54-9A1E7A4F7556}") = "Task1", "..\Task1\Task1.csproj", "{22E5C2C7-ED61-4945-89C3-62B20CD00BE0}"
EndProject
Project("{9A19103F-16F7-4668-BE54-9A1E7A4F7556}") = "Task2", "..\Task2\Task2.csproj", "{1D18F2BC-ABDA-47CE-9C8B-251B598C014A}"
EndProject
Project("{FAE04EC0-301F-11D3-BF4B-00C04F79EFBC}") = "Task3", "Task3\Task3.csproj", "{5C4D6F8D-E98D-43D0-9BD9-6E40FA88AEBE}"
EndProject
Global
	GlobalSection(SolutionConfigurationPlatforms) = preSolution
		Debug|Any CPU = Debug|Any CPU
		Release|Any CPU = Release|Any CPU
	EndGlobalSection
	GlobalSection(ProjectConfigurationPlatforms) = postSolution
		{22E5C2C7-ED61-4945-89C3-62B20CD00BE0}.Debug|Any CPU.ActiveCfg = Debug|Any CPU
		{22E5C2C7-ED61-4945-89C3-62B20CD00BE0}.Debug|Any CPU.Build.0 = Debug|Any CPU
		{22E5C2C7-ED61-4945-89C3-62B20CD00BE0}.Release|Any CPU.ActiveCfg = Release|Any CPU
		{22E5C2C7-ED61-4945-89C3-62B20CD00BE0}.Release|Any CPU.Build.0 = Release|Any CPU
		{1D18F2BC-ABDA-47CE-9C8B-251B598C014A}.Debug|Any CPU.ActiveCfg = Debug|Any CPU
		{1D18F2BC-ABDA-47CE-9C8B-251B598C014A}.Debug|Any CPU.Build.0 = Debug|Any CPU
		{1D18F2BC-ABDA-47CE-9C8B-251B598C014A}.Release|Any CPU.ActiveCfg = Release|Any CPU
		{1D18F2BC-ABDA-47CE-9C8B-251B598C014A}.Release|Any CPU.Build.0 = Release|Any CPU
		{5C4D6F8D-E98D-43D0-9BD9-6E40FA88AEBE}.Debug|Any CPU.ActiveCfg = Debug|Any CPU
		{5C4D6F8D-E98D-43D0-9BD9-6E40FA88AEBE}.Debug|Any CPU.Build.0 = Debug|Any CPU
		{5C4D6F8D-E98D-43D0-9BD9-6E40FA88AEBE}.Release|Any CPU.ActiveCfg = Release|Any CPU
		{5C4D6F8D-E98D-43D0-9BD9-6E40FA88AEBE}.Release|Any CPU.Build.0 = Release|Any CPU
	EndGlobalSection
	GlobalSection(SolutionProperties) = preSolution
		HideSolutionNode = FALSE
	EndGlobalSection
	GlobalSection(ExtensibilityGlobals) = postSolution
		SolutionGuid = {DA42CA87-2C8F-4907-95D0-4C3E621BF34D}
	EndGlobalSection
EndGlobal
