
Microsoft Visual Studio Solution File, Format Version 12.00
# Visual Studio Version 16
VisualStudioVersion = 16.0.30413.136
MinimumVisualStudioVersion = 10.0.40219.1
Project("{9A19103F-16F7-4668-BE54-9A1E7A4F7556}") = "Task1", "..\Task1\Task1.csproj", "{7EDBED3F-E6D8-4E24-A609-9091E401BFCC}"
EndProject
Project("{9A19103F-16F7-4668-BE54-9A1E7A4F7556}") = "Task2", "Task2\Task2.csproj", "{9E674B0B-0ACF-4EE3-B0B1-A6045DB69CE1}"
EndProject
Project("{9A19103F-16F7-4668-BE54-9A1E7A4F7556}") = "Task3", "Task3\Task3.csproj", "{5EAF1C2C-20BD-4356-BB5C-D5A102224D29}"
EndProject
Project("{9A19103F-16F7-4668-BE54-9A1E7A4F7556}") = "Task4", "Task4\Task4.csproj", "{00927B39-AE31-464F-8F30-B01ACF12F94F}"
EndProject
Project("{9A19103F-16F7-4668-BE54-9A1E7A4F7556}") = "Library", "..\..\Task5\Shinkarev_Dmitriy_Task5\Library\Library.csproj", "{65F54006-80AC-4CF5-B949-79553D68D81E}"
EndProject
Global
	GlobalSection(SolutionConfigurationPlatforms) = preSolution
		Debug|Any CPU = Debug|Any CPU
		Release|Any CPU = Release|Any CPU
	EndGlobalSection
	GlobalSection(ProjectConfigurationPlatforms) = postSolution
		{7EDBED3F-E6D8-4E24-A609-9091E401BFCC}.Debug|Any CPU.ActiveCfg = Debug|Any CPU
		{7EDBED3F-E6D8-4E24-A609-9091E401BFCC}.Debug|Any CPU.Build.0 = Debug|Any CPU
		{7EDBED3F-E6D8-4E24-A609-9091E401BFCC}.Release|Any CPU.ActiveCfg = Release|Any CPU
		{7EDBED3F-E6D8-4E24-A609-9091E401BFCC}.Release|Any CPU.Build.0 = Release|Any CPU
		{9E674B0B-0ACF-4EE3-B0B1-A6045DB69CE1}.Debug|Any CPU.ActiveCfg = Debug|Any CPU
		{9E674B0B-0ACF-4EE3-B0B1-A6045DB69CE1}.Debug|Any CPU.Build.0 = Debug|Any CPU
		{9E674B0B-0ACF-4EE3-B0B1-A6045DB69CE1}.Release|Any CPU.ActiveCfg = Release|Any CPU
		{9E674B0B-0ACF-4EE3-B0B1-A6045DB69CE1}.Release|Any CPU.Build.0 = Release|Any CPU
		{5EAF1C2C-20BD-4356-BB5C-D5A102224D29}.Debug|Any CPU.ActiveCfg = Debug|Any CPU
		{5EAF1C2C-20BD-4356-BB5C-D5A102224D29}.Debug|Any CPU.Build.0 = Debug|Any CPU
		{5EAF1C2C-20BD-4356-BB5C-D5A102224D29}.Release|Any CPU.ActiveCfg = Release|Any CPU
		{5EAF1C2C-20BD-4356-BB5C-D5A102224D29}.Release|Any CPU.Build.0 = Release|Any CPU
		{00927B39-AE31-464F-8F30-B01ACF12F94F}.Debug|Any CPU.ActiveCfg = Debug|Any CPU
		{00927B39-AE31-464F-8F30-B01ACF12F94F}.Debug|Any CPU.Build.0 = Debug|Any CPU
		{00927B39-AE31-464F-8F30-B01ACF12F94F}.Release|Any CPU.ActiveCfg = Release|Any CPU
		{00927B39-AE31-464F-8F30-B01ACF12F94F}.Release|Any CPU.Build.0 = Release|Any CPU
		{65F54006-80AC-4CF5-B949-79553D68D81E}.Debug|Any CPU.ActiveCfg = Debug|Any CPU
		{65F54006-80AC-4CF5-B949-79553D68D81E}.Debug|Any CPU.Build.0 = Debug|Any CPU
		{65F54006-80AC-4CF5-B949-79553D68D81E}.Release|Any CPU.ActiveCfg = Release|Any CPU
		{65F54006-80AC-4CF5-B949-79553D68D81E}.Release|Any CPU.Build.0 = Release|Any CPU
	EndGlobalSection
	GlobalSection(SolutionProperties) = preSolution
		HideSolutionNode = FALSE
	EndGlobalSection
	GlobalSection(ExtensibilityGlobals) = postSolution
		SolutionGuid = {08E350EA-D81F-424D-A69A-E7C74904872C}
	EndGlobalSection
EndGlobal
